
Microsoft Visual Studio Solution File, Format Version 11.00
# Visual Studio 2010
Project("{FAE04EC0-301F-11D3-BF4B-00C04F79EFBC}") = "Assembly-CSharp", "Assembly-CSharp.csproj", "{FA3012AF-8072-317F-C97D-FF11F456379C}"
EndProject
Project("{FAE04EC0-301F-11D3-BF4B-00C04F79EFBC}") = "Assembly-CSharp-Editor", "Assembly-CSharp-Editor.csproj", "{BD8515B7-2F44-3185-E770-683A9E1A1BEB}"
EndProject
Global
	GlobalSection(SolutionConfigurationPlatforms) = preSolution
		Debug|Any CPU = Debug|Any CPU
		Release|Any CPU = Release|Any CPU
	EndGlobalSection
	GlobalSection(ProjectConfigurationPlatforms) = postSolution
		{FA3012AF-8072-317F-C97D-FF11F456379C}.Debug|Any CPU.ActiveCfg = Debug|Any CPU
		{FA3012AF-8072-317F-C97D-FF11F456379C}.Debug|Any CPU.Build.0 = Debug|Any CPU
		{FA3012AF-8072-317F-C97D-FF11F456379C}.Release|Any CPU.ActiveCfg = Release|Any CPU
		{FA3012AF-8072-317F-C97D-FF11F456379C}.Release|Any CPU.Build.0 = Release|Any CPU
		{BD8515B7-2F44-3185-E770-683A9E1A1BEB}.Debug|Any CPU.ActiveCfg = Debug|Any CPU
		{BD8515B7-2F44-3185-E770-683A9E1A1BEB}.Debug|Any CPU.Build.0 = Debug|Any CPU
		{BD8515B7-2F44-3185-E770-683A9E1A1BEB}.Release|Any CPU.ActiveCfg = Release|Any CPU
		{BD8515B7-2F44-3185-E770-683A9E1A1BEB}.Release|Any CPU.Build.0 = Release|Any CPU
	EndGlobalSection
	GlobalSection(SolutionProperties) = preSolution
		HideSolutionNode = FALSE
	EndGlobalSection
	GlobalSection(MonoDevelopProperties) = preSolution
		StartupItem = Assembly-CSharp.csproj
	EndGlobalSection
EndGlobal
